
Microsoft Visual Studio Solution File, Format Version 12.00
# Visual Studio Version 17
VisualStudioVersion = 17.8.34330.188
MinimumVisualStudioVersion = 10.0.40219.1
Project("{2150E333-8FDC-42A3-9474-1A3956D46DE8}") = "src", "src", "{E7B6E3A3-1234-5678-9ABC-DEF012345678}"
EndProject
Project("{9A19103F-16F7-4668-BE54-9A1E7A4F7556}") = "WaqfGIS.Core", "src\WaqfGIS.Core\WaqfGIS.Core.csproj", "{A1B2C3D4-1111-2222-3333-444455556666}"
EndProject
Project("{9A19103F-16F7-4668-BE54-9A1E7A4F7556}") = "WaqfGIS.Infrastructure", "src\WaqfGIS.Infrastructure\WaqfGIS.Infrastructure.csproj", "{B2C3D4E5-2222-3333-4444-555566667777}"
EndProject
Project("{9A19103F-16F7-4668-BE54-9A1E7A4F7556}") = "WaqfGIS.Services", "src\WaqfGIS.Services\WaqfGIS.Services.csproj", "{C3D4E5F6-3333-4444-5555-666677778888}"
EndProject
Project("{9A19103F-16F7-4668-BE54-9A1E7A4F7556}") = "WaqfGIS.Web", "src\WaqfGIS.Web\WaqfGIS.Web.csproj", "{D4E5F6A7-4444-5555-6666-777788889999}"
EndProject
Project("{2150E333-8FDC-42A3-9474-1A3956D46DE8}") = "AlJabai", "AlJabai", "{B591F0A5-18E9-49A9-9CF9-77D0EDB59711}"
EndProject
Project("{2150E333-8FDC-42A3-9474-1A3956D46DE8}") = "src", "src", "{150A7D7E-E98A-4437-92D1-2099C7748F7F}"
EndProject
Project("{FAE04EC0-301F-11D3-BF4B-00C04F79EFBC}") = "AlJabai", "AlJabai\src\AlJabai.Web\AlJabai.csproj", "{6533269B-24FF-4337-83F5-97F7F27BE0A1}"
EndProject
Project("{FAE04EC0-301F-11D3-BF4B-00C04F79EFBC}") = "AlJabai.Core", "AlJabai\src\AlJabai.Core\AlJabai.Core.csproj", "{3117CF5D-F32E-47F1-B45B-26664A5599F0}"
EndProject
Project("{FAE04EC0-301F-11D3-BF4B-00C04F79EFBC}") = "AlJabai.Infrastructure", "AlJabai\src\AlJabai.Infrastructure\AlJabai.Infrastructure.csproj", "{407F2459-D8F6-4A61-AB83-AF2D3A09C656}"
EndProject
Project("{FAE04EC0-301F-11D3-BF4B-00C04F79EFBC}") = "AlJabai.Services", "AlJabai\src\AlJabai.Services\AlJabai.Services.csproj", "{1D5A3836-B069-4A6B-8531-4E7F2F79CCC2}"
EndProject
Global
	GlobalSection(SolutionConfigurationPlatforms) = preSolution
		Debug|Any CPU = Debug|Any CPU
		Release|Any CPU = Release|Any CPU
	EndGlobalSection
	GlobalSection(ProjectConfigurationPlatforms) = postSolution
		{A1B2C3D4-1111-2222-3333-444455556666}.Debug|Any CPU.ActiveCfg = Debug|Any CPU
		{A1B2C3D4-1111-2222-3333-444455556666}.Debug|Any CPU.Build.0 = Debug|Any CPU
		{A1B2C3D4-1111-2222-3333-444455556666}.Release|Any CPU.ActiveCfg = Release|Any CPU
		{A1B2C3D4-1111-2222-3333-444455556666}.Release|Any CPU.Build.0 = Release|Any CPU
		{B2C3D4E5-2222-3333-4444-555566667777}.Debug|Any CPU.ActiveCfg = Debug|Any CPU
		{B2C3D4E5-2222-3333-4444-555566667777}.Debug|Any CPU.Build.0 = Debug|Any CPU
		{B2C3D4E5-2222-3333-4444-555566667777}.Release|Any CPU.ActiveCfg = Release|Any CPU
		{B2C3D4E5-2222-3333-4444-555566667777}.Release|Any CPU.Build.0 = Release|Any CPU
		{C3D4E5F6-3333-4444-5555-666677778888}.Debug|Any CPU.ActiveCfg = Debug|Any CPU
		{C3D4E5F6-3333-4444-5555-666677778888}.Debug|Any CPU.Build.0 = Debug|Any CPU
		{C3D4E5F6-3333-4444-5555-666677778888}.Release|Any CPU.ActiveCfg = Release|Any CPU
		{C3D4E5F6-3333-4444-5555-666677778888}.Release|Any CPU.Build.0 = Release|Any CPU
		{D4E5F6A7-4444-5555-6666-777788889999}.Debug|Any CPU.ActiveCfg = Debug|Any CPU
		{D4E5F6A7-4444-5555-6666-777788889999}.Debug|Any CPU.Build.0 = Debug|Any CPU
		{D4E5F6A7-4444-5555-6666-777788889999}.Release|Any CPU.ActiveCfg = Release|Any CPU
		{D4E5F6A7-4444-5555-6666-777788889999}.Release|Any CPU.Build.0 = Release|Any CPU
		{6533269B-24FF-4337-83F5-97F7F27BE0A1}.Debug|Any CPU.ActiveCfg = Debug|Any CPU
		{6533269B-24FF-4337-83F5-97F7F27BE0A1}.Debug|Any CPU.Build.0 = Debug|Any CPU
		{6533269B-24FF-4337-83F5-97F7F27BE0A1}.Release|Any CPU.ActiveCfg = Release|Any CPU
		{6533269B-24FF-4337-83F5-97F7F27BE0A1}.Release|Any CPU.Build.0 = Release|Any CPU
		{3117CF5D-F32E-47F1-B45B-26664A5599F0}.Debug|Any CPU.ActiveCfg = Debug|Any CPU
		{3117CF5D-F32E-47F1-B45B-26664A5599F0}.Debug|Any CPU.Build.0 = Debug|Any CPU
		{3117CF5D-F32E-47F1-B45B-26664A5599F0}.Release|Any CPU.ActiveCfg = Release|Any CPU
		{3117CF5D-F32E-47F1-B45B-26664A5599F0}.Release|Any CPU.Build.0 = Release|Any CPU
		{407F2459-D8F6-4A61-AB83-AF2D3A09C656}.Debug|Any CPU.ActiveCfg = Debug|Any CPU
		{407F2459-D8F6-4A61-AB83-AF2D3A09C656}.Debug|Any CPU.Build.0 = Debug|Any CPU
		{407F2459-D8F6-4A61-AB83-AF2D3A09C656}.Release|Any CPU.ActiveCfg = Release|Any CPU
		{407F2459-D8F6-4A61-AB83-AF2D3A09C656}.Release|Any CPU.Build.0 = Release|Any CPU
		{1D5A3836-B069-4A6B-8531-4E7F2F79CCC2}.Debug|Any CPU.ActiveCfg = Debug|Any CPU
		{1D5A3836-B069-4A6B-8531-4E7F2F79CCC2}.Debug|Any CPU.Build.0 = Debug|Any CPU
		{1D5A3836-B069-4A6B-8531-4E7F2F79CCC2}.Release|Any CPU.ActiveCfg = Release|Any CPU
		{1D5A3836-B069-4A6B-8531-4E7F2F79CCC2}.Release|Any CPU.Build.0 = Release|Any CPU
	EndGlobalSection
	GlobalSection(SolutionProperties) = preSolution
		HideSolutionNode = FALSE
	EndGlobalSection
	GlobalSection(NestedProjects) = preSolution
		{A1B2C3D4-1111-2222-3333-444455556666} = {E7B6E3A3-1234-5678-9ABC-DEF012345678}
		{B2C3D4E5-2222-3333-4444-555566667777} = {E7B6E3A3-1234-5678-9ABC-DEF012345678}
		{C3D4E5F6-3333-4444-5555-666677778888} = {E7B6E3A3-1234-5678-9ABC-DEF012345678}
		{D4E5F6A7-4444-5555-6666-777788889999} = {E7B6E3A3-1234-5678-9ABC-DEF012345678}
		{150A7D7E-E98A-4437-92D1-2099C7748F7F} = {B591F0A5-18E9-49A9-9CF9-77D0EDB59711}
		{6533269B-24FF-4337-83F5-97F7F27BE0A1} = {150A7D7E-E98A-4437-92D1-2099C7748F7F}
		{3117CF5D-F32E-47F1-B45B-26664A5599F0} = {150A7D7E-E98A-4437-92D1-2099C7748F7F}
		{407F2459-D8F6-4A61-AB83-AF2D3A09C656} = {150A7D7E-E98A-4437-92D1-2099C7748F7F}
		{1D5A3836-B069-4A6B-8531-4E7F2F79CCC2} = {150A7D7E-E98A-4437-92D1-2099C7748F7F}
	EndGlobalSection
	GlobalSection(ExtensibilityGlobals) = postSolution
		SolutionGuid = {12345678-ABCD-EFGH-IJKL-MNOPQRSTUVWX}
	EndGlobalSection
EndGlobal
